github.com/cespare/xxhash/v2 v2.3.0 h1:UL815xU9SqsFlibzuggzjXhog7bL6oX9BbNZnL2UFvs=
github.com/cespare/xxhash/v2 v2.3.0/go.mod h1:VGX0DQ3Q6kWi7AoAeZDth3/j3BFtOZR5XLFGgcrjCOs=
github.com/davecgh/go-spew v1.1.1 h1:vj9j/u1bqnvCEfJOwUhtlOARqs3+rkHYY13jYWTU97c=
github.com/davecgh/go-spew v1.1.1/go.mod h1:J7Y8YcW2NihsgmVo/mv3lAwl/skON4iLHjSsI+c5H38=
github.com/dgraph-io/badger/v4 v4.8.0 h1:JYph1ChBijCw8SLeybvPINizbDKWZ5n/GYbz2yhN/bs=
github.com/dgraph-io/badger/v4 v4.8.0/go.mod h1:U6on6e8k/RTbUWxqKR0MvugJuVmkxSNc79ap4917h4w=
github.com/dgraph-io/ristretto/v2 v2.3.0 h1:qTQ38m7oIyd4GAed/QkUZyPFNMnvVWyazGXRwvOt5zk=
github.com/dgraph-io/ristretto/v2 v2.3.0/go.mod h1:gpoRV3VzrEY1a9dWAYV6T1U7YzfgttXdd/ZzL1s9OZM=
github.com/dgryski/go-farm v0.0.0-20240924180020-3414d57e47da h1:aIftn67I1fkbMa512G+w+Pxci9hJPB8oMnkcP3iZF38=
github.com/dgryski/go-farm v0.0.0-20240924180020-3414d57e47da/go.mod h1:SqUrOPUnsFjfmXRMNPybcSiG0BgUW2AuFH8PAnS2iTw=
github.com/dustin/go-humanize v1.0.1 h1:GzkhY7T5VNhEkwH0PVJgjz+fX1rhBrR7pRT3mDkpeCY=
github.com/dustin/go-humanize v1.0.1/go.mod h1:Mu1zIs6XwVuF/gI1OepvI0qD18qycQx+mFykh5fBlto=
github.com/go-logr/logr v1.2.2/go.mod h1:jdQByPbusPIv2/zmleS9BjJVeZ6kBagPoEUsqbVz/1A=
github.com/go-logr/logr v1.4.3 h1:CjnDlHq8ikf6E492q6eKboGOC0T8CDaOvkHCIg8idEI=
github.com/go-logr/logr v1.4.3/go.mod h1:9T104GzyrTigFIr8wt5mBrctHMim0Nb2HLGrmQ40KvY=
github.com/go-logr/stdr v1.2.2 h1:hSWxHoqTgW2S2qGc0LTAI563KZ5YKYRhT3MFKZMbjag=
github.com/go-logr/stdr v1.2.2/go.mod h1:mMo/vtBO5dYbehREoey6XUKy/eSumjCCveDpRre4VKE=
github.com/golang/protobuf v1.5.4 h1:i7eJL8qZTpSEXOPTxNKhASYpMn+8e5Q6AdndVa1dWek=
github.com/golang/protobuf v1.5.4/go.mod h1:lnTiLA8Wa4RWRcIUkrtSVa5nRhsEGBg48fD6rSs7xps=
github.com/google/flatbuffers v25.2.10+incompatible h1:F3vclr7C3HpB1k9mxCGRMXq6FdUalZ6H/pNX4FP1v0Q=
github.com/google/flatbuffers v25.2.10+incompatible/go.mod h1:1AeVuKshWv4vARoZatz6mlQ0JxURH0Kv5+zNeJKJCa8=
github.com/google/go-cmp v0.7.0 h1:wk8382ETsv4JYUZwIsn6YpYiWiBsYLSJiTsyBybVuN8=
github.com/google/go-cmp v0.7.0/go.mod h1:pXiqmnSA92OHEEa9HXL2W4E7lf9JzCmGVUdgjX3N/iU=
github.com/google/uuid v1.6.0 h1:NIvaJDMOsjHA8n1jAhLSgzrAzy1Hgr+hNrb57e+94F0=
github.com/google/uuid v1.6.0/go.mod h1:TIyPZe4MgqvfeYDBFedMoGGpEw/LqOeaOT+nhxU+yHo=
github.com/grpc-ecosystem/grpc-gateway/v2 v2.27.2 h1:8Tjv8EJ+pM1xP8mK6egEbD1OgnVTyacbefKhmbLhIhU=
github.com/grpc-ecosystem/grpc-gateway/v2 v2.27.2/go.mod h1:pkJQ2tZHJ0aFOVEEot6oZmaVEZcRme73eIFmhiVuRWs=
github.com/klauspost/compress v1.18.0 h1:c/Cqfb0r+Yi+JtIEq73FWXVkRonBlf0CRNYc8Zttxdo=
github.com/klauspost/compress v1.18.0/go.mod h1:2Pp+KzxcywXVXMr50+X0Q/Lsb43OQHYWRCY2AiWywWQ=
github.com/kr/pretty v0.3.1 h1:flRD4NNwYAUpkphVc1HcthR4KEIFJ65n8Mw5qdRn3LE=
github.com/kr/pretty v0.3.1/go.mod h1:hoEshYVHaxMs3cyo3Yncou5ZscifuDolrwPKZanG3xk=
github.com/kr/text v0.2.0 h1:5Nx0Ya0ZqY2ygV366QzturHI13Jq95ApcVaJBhpS+AY=
github.com/kr/text v0.2.0/go.mod h1:eLer722TekiGuMkidMxC/pM04lWEeraHUUmBw8l2grE=
github.com/maxbrunsfeld/counterfeiter/v6 v6.12.0 h1:aOeI7xAOVdK+R6xbVsZuU9HmCZYmQVmZgPf9xJUd2Sg=
github.com/maxbrunsfeld/counterfeiter/v6 v6.12.0/go.mod h1:0hZWbtfeCYUQeAQdPLUzETiBhUSns7O6LDj9vH88xKA=
github.com/onsi/gomega v1.38.2 h1:eZCjf2xjZAqe+LeWvKb5weQ+NcPwX84kqJ0cZNxok2A=
github.com/onsi/gomega v1.38.2/go.mod h1:W2MJcYxRGV63b418Ai34Ud0hEdTVXq9NW9+Sx6uXf3k=
github.com/pmezard/go-difflib v1.0.0 h1:4DBwDE0NGyQoBHbLQYPwSUPoCMWR5BEzIk/f1lZbAQM=
github.com/pmezard/go-difflib v1.0.0/go.mod h1:iKH77koFhYxTK1pcRnkKkqfTogsbg7gZNVY4sRDYZ/4=
github.com/rakyll/statik v0.1.7 h1:OF3QCZUuyPxuGEP7B4ypUa7sB/iHtqOTDYZXGM8KOdQ=
github.com/rakyll/statik v0.1.7/go.mod h1:AlZONWzMtEnMs7W4e/1LURLiI49pIMmp6V9Unghqrcc=
github.com/rogpeppe/go-internal v1.13.1 h1:KvO1DLK/DRN07sQ1LQKScxyZJuNnedQ5/wKSR38lUII=
github.com/rogpeppe/go-internal v1.13.1/go.mod h1:uMEvuHeurkdAXX61udpOXGD/AzZDWNMNyH2VO9fmH0o=
github.com/sclevine/spec v1.4.0 h1:z/Q9idDcay5m5irkZ28M7PtQM4aOISzOpj4bUPkDee8=
github.com/sclevine/spec v1.4.0/go.mod h1:LvpgJaFyvQzRvc1kaDs0bulYwzC70PbiYjC4QnFHkOM=
github.com/stretchr/testify v1.11.1 h1:7s2iGBzp5EwR7/aIZr8ao5+dra3wiQyKjjFuvgVKu7U=
github.com/stretchr/testify v1.11.1/go.mod h1:wZwfW3scLgRK+23gO65QZefKpKQRnfz6sD981Nm4B6U=
github.com/vmihailenco/msgpack/v5 v5.4.1 h1:cQriyiUvjTwOHg8QZaPihLWeRAAVoCpE00IUPn0Bjt8=
github.com/vmihailenco/msgpack/v5 v5.4.1/go.mod h1:GaZTsDaehaPpQVyxrf5mtQlH+pc21PIudVV/E3rRQok=
github.com/vmihailenco/tagparser/v2 v2.0.0 h1:y09buUbR+b5aycVFQs/g70pqKVZNBmxwAhO7/IwNM9g=
github.com/vmihailenco/tagparser/v2 v2.0.0/go.mod h1:Wri+At7QHww0WTrCBeu4J6bNtoV6mEfg5OIWRZA9qds=
gitlab.com/pietroski-software-company/devex/golang/concurrent v0.0.1 h1:QBYfpmHNL7Hm12ZGdEcaVqEwN3uNrsSsj4U76aq8eAU=
gitlab.com/pietroski-software-company/devex/golang/concurrent v0.0.1/go.mod h1:AOkg6nnCYUo3v41xB6+Yf+2YS87yRUn67xIsnZCslxo=
gitlab.com/pietroski-software-company/devex/golang/serializer v0.0.1 h1:Zz7sLXzfw/+mIUlWxG8yhKzf9Tj6dbryDNhJ1nP7uAQ=
gitlab.com/pietroski-software-company/devex/golang/serializer v0.0.1/go.mod h1:wE4hWs4BpRqnG+5kVB1kKNNh1a8gVwhYr2HSEYHsLEo=
gitlab.com/pietroski-software-company/golang/devex/concurrent v0.0.1 h1:X7JY1BEztT4ZTAZqt6yMUKIJ1wXO9fSy8AwHjsC533o=
gitlab.com/pietroski-software-company/golang/devex/concurrent v0.0.1/go.mod h1:2J2nbveTDvz0jw6CsXrYeOKhn8E1BfM3gu8kyg8ZD6s=
gitlab.com/pietroski-software-company/golang/devex/errorsx v0.0.2 h1:B0qfXaYU/Gt7F5xW7oTk7s2YBr6d+i4ks8eujpn0TMU=
gitlab.com/pietroski-software-company/golang/devex/errorsx v0.0.2/go.mod h1:3QrmOPoGSymweIfvwht0L4TzvJNqUypVVJjGr7UuQNo=
gitlab.com/pietroski-software-company/golang/devex/options v0.0.1 h1:n8Om/jzCR4OO4qw62lYrQvwidDlRYBhORBkmZUFJ5mo=
gitlab.com/pietroski-software-company/golang/devex/options v0.0.1/go.mod h1:w7bu5J7d5PtH/xOckanmUvheqDQcT2Zzs4zE+MzZpF8=
gitlab.com/pietroski-software-company/golang/devex/safe v0.0.1 h1:6pzevBBin+N5OdUCZCFR0bUDSKlyLBsTYU+Fv8QHa4M=
gitlab.com/pietroski-software-company/golang/devex/safe v0.0.1/go.mod h1:dMjJh//dxDmVb2HTINHdMZwkmbnDZqx1pm9x8SwLu5c=
gitlab.com/pietroski-software-company/golang/devex/serializer v0.0.1 h1:WGU/xXCCnogAMzpojaZMBsF8W28BVbfiE6tFBUdnTVw=
gitlab.com/pietroski-software-company/golang/devex/serializer v0.0.1/go.mod h1:EeB0qvs577CZm/Rtit7Yvg6Usjvcy6Xfon6KBiCLtDE=
gitlab.com/pietroski-software-company/golang/devex/slogx v0.0.2 h1:6H+SWyc1Hb7392PYh8of6k7V0os8UsC0LN4Uh5hQUsQ=
gitlab.com/pietroski-software-company/golang/devex/slogx v0.0.2/go.mod h1:bakwghK78G+Cpw7ccchtgYR5MaYDOj/dQMgWF2n2sxM=
gitlab.com/pietroski-software-company/golang/devex/tracer v0.0.1 h1:o2WDSB2y5Ig4f4KSYlVRYZDiMZrf5yLtW+8chPEry7w=
gitlab.com/pietroski-software-company/golang/devex/tracer v0.0.1/go.mod h1:+kZqYsASuSSTBCz+bDWxlQ5ivhm/+Xw+BA5W4Zfdq+c=
gitlab.com/pietroski-software-company/tools/binder/go-binder v1.0.23 h1:zaquDeEBbxNjoBGdt8pbS/loLiLS5zgbZiJkvpndYKQ=
gitlab.com/pietroski-software-company/tools/binder/go-binder v1.0.23/go.mod h1:pM2q2xhH8IzGD89lkGdJVCGc8gNrRXlGMjCyRNHCjCs=
gitlab.com/pietroski-software-company/tools/env-extractor/go-env-extractor v0.0.18 h1:CRGsUJnMb7106vxz+5xwrusY5FiVVQ1TTmJX8Oh3BAc=
gitlab.com/pietroski-software-company/tools/env-extractor/go-env-extractor v0.0.18/go.mod h1:+laypcHnN/ouK8VdDe7nlXuNiK42k4RG5yeeXzndO0A=
gitlab.com/pietroski-software-company/tools/logger/go-logger/v3 v3.3.12 h1:MHQH18OVc2aERVg2YdFFgHt+fej/ea4ya//7mxaxwIY=
gitlab.com/pietroski-software-company/tools/logger/go-logger/v3 v3.3.12/go.mod h1:rwhu+jlRKBNRSxY0S/Hf8ztHOxkolnnBbCxrmcJ21x8=
gitlab.com/pietroski-software-company/tools/middlewares/go-middlewares v1.2.11 h1:Uapy2CuQiyUsg7cVF0J8G9bbJ+kjFYsuPLcNDF0oQ+o=
gitlab.com/pietroski-software-company/tools/middlewares/go-middlewares v1.2.11/go.mod h1:Hv2HGxd8bZB8DjENqsB6ESBv00/rfrHctfJCEqBz0s8=
gitlab.com/pietroski-software-company/tools/options/go-opts v0.0.2 h1:7h4uowZYm+1hWdx1Iv4qRdVC2EJkT02/l7sUDyNOcnU=
gitlab.com/pietroski-software-company/tools/options/go-opts v0.0.2/go.mod h1:ESVXNCWdcpA5g3Q7xZ13GqEz25FqjDrs8yQsGJI9h58=
gitlab.com/pietroski-software-company/tools/random/go-random v0.0.13 h1:DP+ZumMUU2HxTLQ50nezsdY0xwIcRuFdNZmO86KqNcI=
gitlab.com/pietroski-software-company/tools/random/go-random v0.0.13/go.mod h1:eUG+R24pcdW7TpfbsFOvhMhp7jKqYvU0Zskz8Utzz+A=
gitlab.com/pietroski-software-company/tools/serializer/go-serializer v1.2.0 h1:IMAkY2bq2UZNSoa9774TrJzlYdsGGhGU6IvJjylum2E=
gitlab.com/pietroski-software-company/tools/serializer/go-serializer v1.2.0/go.mod h1:ggltV+7c4Ecvd3oGoxnE8B0K2pzDo2EKb9rtXEKfHf8=
gitlab.com/pietroski-software-company/tools/tracer/go-tracer/v2 v2.4.25 h1:Ji5VhkiS4IgoT808W16tUlAJzozZhrjFdUqAIvxMH/0=
gitlab.com/pietroski-software-company/tools/tracer/go-tracer/v2 v2.4.25/go.mod h1:9/GBMA/mchxtCtvox9R71rDd7eWXDGmmASWU2Ixoftk=
gitlab.com/pietroski-software-company/tools/validator/go-validator v1.2.29 h1:eR01hQw2uR8ZX4uJcNNgEsUWVhsKuy1DbZfX7BkIjPM=
gitlab.com/pietroski-software-company/tools/validator/go-validator v1.2.29/go.mod h1:LEqFxoGdgLbY9sAdPg45zjbFhuKxiqk2Fr3MUBMKa0c=
go.opentelemetry.io/auto/sdk v1.1.0 h1:cH53jehLUN6UFLY71z+NDOiNJqDdPRaXzTel0sJySYA=
go.opentelemetry.io/auto/sdk v1.1.0/go.mod h1:3wSPjt5PWp2RhlCcmmOial7AvC4DQqZb7a7wCow3W8A=
go.opentelemetry.io/otel v1.38.0 h1:RkfdswUDRimDg0m2Az18RKOsnI8UDzppJAtj01/Ymk8=
go.opentelemetry.io/otel v1.38.0/go.mod h1:zcmtmQ1+YmQM9wrNsTGV/q/uyusom3P8RxwExxkZhjM=
go.opentelemetry.io/otel/metric v1.38.0 h1:Kl6lzIYGAh5M159u9NgiRkmoMKjvbsKtYRwgfrA6WpA=
go.opentelemetry.io/otel/metric v1.38.0/go.mod h1:kB5n/QoRM8YwmUahxvI3bO34eVtQf2i4utNVLr9gEmI=
go.opentelemetry.io/otel/sdk v1.37.0 h1:ItB0QUqnjesGRvNcmAcU0LyvkVyGJ2xftD29bWdDvKI=
go.opentelemetry.io/otel/sdk v1.37.0/go.mod h1:VredYzxUvuo2q3WRcDnKDjbdvmO0sCzOvVAiY+yUkAg=
go.opentelemetry.io/otel/sdk/metric v1.37.0 h1:90lI228XrB9jCMuSdA0673aubgRobVZFhbjxHHspCPc=
go.opentelemetry.io/otel/sdk/metric v1.37.0/go.mod h1:cNen4ZWfiD37l5NhS+Keb5RXVWZWpRE+9WyVCpbo5ps=
go.opentelemetry.io/otel/trace v1.38.0 h1:Fxk5bKrDZJUH+AMyyIXGcFAPah0oRcT+LuNtJrmcNLE=
go.opentelemetry.io/otel/trace v1.38.0/go.mod h1:j1P9ivuFsTceSWe1oY+EeW3sc+Pp42sO++GHkg4wwhs=
go.uber.org/mock v0.6.0 h1:hyF9dfmbgIX5EfOdasqLsWD6xqpNZlXblLB/Dbnwv3Y=
go.uber.org/mock v0.6.0/go.mod h1:KiVJ4BqZJaMj4svdfmHM0AUx4NJYO8ZNpPnZn1Z+BBU=
go.yaml.in/yaml/v3 v3.0.4 h1:tfq32ie2Jv2UxXFdLJdh3jXuOzWiL1fo0bu/FbuKpbc=
go.yaml.in/yaml/v3 v3.0.4/go.mod h1:DhzuOOF2ATzADvBadXxruRBLzYTpT36CKvDb3+aBEFg=
golang.org/x/mod v0.28.0 h1:gQBtGhjxykdjY9YhZpSlZIsbnaE2+PgjfLWUQTnoZ1U=
golang.org/x/mod v0.28.0/go.mod h1:yfB/L0NOf/kmEbXjzCPOx1iK1fRutOydrCMsqRhEBxI=
golang.org/x/net v0.44.0 h1:evd8IRDyfNBMBTTY5XRF1vaZlD+EmWx6x8PkhR04H/I=
golang.org/x/net v0.44.0/go.mod h1:ECOoLqd5U3Lhyeyo/QDCEVQ4sNgYsqvCZ722XogGieY=
golang.org/x/sync v0.17.0 h1:l60nONMj9l5drqw6jlhIELNv9I0A4OFgRsG9k2oT9Ug=
golang.org/x/sync v0.17.0/go.mod h1:9KTHXmSnoGruLpwFjVSX0lNNA75CykiMECbovNTZqGI=
golang.org/x/sys v0.36.0 h1:KVRy2GtZBrk1cBYA7MKu5bEZFxQk4NIDV6RLVcC8o0k=
golang.org/x/sys v0.36.0/go.mod h1:OgkHotnGiDImocRcuBABYBEXf8A9a87e/uXjp9XT3ks=
golang.org/x/text v0.29.0 h1:1neNs90w9YzJ9BocxfsQNHKuAT4pkghyXc4nhZ6sJvk=
golang.org/x/text v0.29.0/go.mod h1:7MhJOA9CD2qZyOKYazxdYMF85OwPdEr9jTtBpO7ydH4=
golang.org/x/tools v0.36.0 h1:kWS0uv/zsvHEle1LbV5LE8QujrxB3wfQyxHfhOk0Qkg=
golang.org/x/tools v0.36.0/go.mod h1:WBDiHKJK8YgLHlcQPYQzNCkUxUypCaa5ZegCVutKm+s=
gonum.org/v1/gonum v0.16.0 h1:5+ul4Swaf3ESvrOnidPp4GZbzf0mxVQpDCYUQE7OJfk=
gonum.org/v1/gonum v0.16.0/go.mod h1:fef3am4MQ93R2HHpKnLk4/Tbh/s0+wqD5nfa6Pnwy4E=
google.golang.org/genproto/googleapis/api v0.0.0-20250908214217-97024824d090 h1:d8Nakh1G+ur7+P3GcMjpRDEkoLUcLW2iU92XVqR+XMQ=
google.golang.org/genproto/googleapis/api v0.0.0-20250908214217-97024824d090/go.mod h1:U8EXRNSd8sUYyDfs/It7KVWodQr+Hf9xtxyxWudSwEw=
google.golang.org/genproto/googleapis/rpc v0.0.0-20250908214217-97024824d090 h1:/OQuEa4YWtDt7uQWHd3q3sUMb+QOLQUg1xa8CEsRv5w=
google.golang.org/genproto/googleapis/rpc v0.0.0-20250908214217-97024824d090/go.mod h1:GmFNa4BdJZ2a8G+wCe9Bg3wwThLrJun751XstdJt5Og=
google.golang.org/grpc v1.75.0 h1:+TW+dqTd2Biwe6KKfhE5JpiYIBWq865PhKGSXiivqt4=
google.golang.org/grpc v1.75.0/go.mod h1:JtPAzKiq4v1xcAB2hydNlWI2RnF85XXcV0mhKXr2ecQ=
google.golang.org/grpc/cmd/protoc-gen-go-grpc v1.5.1 h1:F29+wU6Ee6qgu9TddPgooOdaqsxTMunOoj8KA5yuS5A=
google.golang.org/grpc/cmd/protoc-gen-go-grpc v1.5.1/go.mod h1:5KF+wpkbTSbGcR9zteSqZV6fqFOWBl4Yde8En8MryZA=
google.golang.org/protobuf v1.36.9 h1:w2gp2mA27hUeUzj9Ex9FBjsBm40zfaDtEWow293U7Iw=
google.golang.org/protobuf v1.36.9/go.mod h1:fuxRtAxBytpl4zzqUh6/eyUujkJdNiuEkXntxiD/uRU=
gopkg.in/check.v1 v0.0.0-20161208181325-20d25e280405/go.mod h1:Co6ibVJAznAaIkqp8huTwlJQCZ016jof/cbN4VW5Yz0=
gopkg.in/check.v1 v1.0.0-20201130134442-10cb98267c6c h1:Hei/4ADfdWqJk1ZMxUNpqntNwaWcugrBjAiHlqqRiVk=
gopkg.in/check.v1 v1.0.0-20201130134442-10cb98267c6c/go.mod h1:JHkPIbrfpd72SG/EVd6muEfDQjcINNoR0C8j2r3qZ4Q=
gopkg.in/yaml.v3 v3.0.1 h1:fxVm/GzAzEWqLHuvctI91KS9hhNmmWOoWu0XTYJS7CA=
gopkg.in/yaml.v3 v3.0.1/go.mod h1:K4uyk7z7BCEPqu6E+C64Yfv1cQ7kz7rIZviUmN+EgEM=
